// !$*UTF8*$!
{
	archiveVersion = 1;
	classes = {
	};
	objectVersion = 46;
	objects = {

/* Begin PBXBuildFile section */
		FD08D1431F14536700CDD226 /* Item.swift in Sources */ = {isa = PBXBuildFile; fileRef = FD08D1421F14536700CDD226 /* Item.swift */; };
		FD08D1451F14578000CDD226 /* ItemStore.swift in Sources */ = {isa = PBXBuildFile; fileRef = FD08D1441F14578000CDD226 /* ItemStore.swift */; };
		FD42862B1F132DDB0065166A /* AppDelegate.swift in Sources */ = {isa = PBXBuildFile; fileRef = FD42862A1F132DDB0065166A /* AppDelegate.swift */; };
		FD4286301F132DDB0065166A /* Main.storyboard in Resources */ = {isa = PBXBuildFile; fileRef = FD42862E1F132DDB0065166A /* Main.storyboard */; };
		FD4286321F132DDB0065166A /* Assets.xcassets in Resources */ = {isa = PBXBuildFile; fileRef = FD4286311F132DDB0065166A /* Assets.xcassets */; };
		FD4286351F132DDB0065166A /* LaunchScreen.storyboard in Resources */ = {isa = PBXBuildFile; fileRef = FD4286331F132DDB0065166A /* LaunchScreen.storyboard */; };
		FD4286401F132DDB0065166A /* HomepwnerTests.swift in Sources */ = {isa = PBXBuildFile; fileRef = FD42863F1F132DDB0065166A /* HomepwnerTests.swift */; };
		FD42864B1F132DDB0065166A /* HomepwnerUITests.swift in Sources */ = {isa = PBXBuildFile; fileRef = FD42864A1F132DDB0065166A /* HomepwnerUITests.swift */; };
		FD4286591F13CA940065166A /* ItemsViewController.swift in Sources */ = {isa = PBXBuildFile; fileRef = FD4286581F13CA940065166A /* ItemsViewController.swift */; };
		FD639D381F1804EA00B6D408 /* ItemCell.swift in Sources */ = {isa = PBXBuildFile; fileRef = FD639D371F1804EA00B6D408 /* ItemCell.swift */; };
		FD639D3A1F186CF500B6D408 /* DetailViewController.swift in Sources */ = {isa = PBXBuildFile; fileRef = FD639D391F186CF500B6D408 /* DetailViewController.swift */; };
		FD639D3C1F1D932400B6D408 /* BorderTextField.swift in Sources */ = {isa = PBXBuildFile; fileRef = FD639D3B1F1D932400B6D408 /* BorderTextField.swift */; };
/* End PBXBuildFile section */

/* Begin PBXContainerItemProxy section */
		FD42863C1F132DDB0065166A /* PBXContainerItemProxy */ = {
			isa = PBXContainerItemProxy;
			containerPortal = FD42861F1F132DDB0065166A /* Project object */;
			proxyType = 1;
			remoteGlobalIDString = FD4286261F132DDB0065166A;
			remoteInfo = Homepwner;
		};
		FD4286471F132DDB0065166A /* PBXContainerItemProxy */ = {
			isa = PBXContainerItemProxy;
			containerPortal = FD42861F1F132DDB0065166A /* Project object */;
			proxyType = 1;
			remoteGlobalIDString = FD4286261F132DDB0065166A;
			remoteInfo = Homepwner;
		};
/* End PBXContainerItemProxy section */

/* Begin PBXFileReference section */
		FD08D1421F14536700CDD226 /* Item.swift */ = {isa = PBXFileReference; fileEncoding = 4; lastKnownFileType = sourcecode.swift; path = Item.swift; sourceTree = "<group>"; };
		FD08D1441F14578000CDD226 /* ItemStore.swift */ = {isa = PBXFileReference; fileEncoding = 4; lastKnownFileType = sourcecode.swift; path = ItemStore.swift; sourceTree = "<group>"; };
		FD4286271F132DDB0065166A /* Homepwner.app */ = {isa = PBXFileReference; explicitFileType = wrapper.application; includeInIndex = 0; path = Homepwner.app; sourceTree = BUILT_PRODUCTS_DIR; };
		FD42862A1F132DDB0065166A /* AppDelegate.swift */ = {isa = PBXFileReference; lastKnownFileType = sourcecode.swift; path = AppDelegate.swift; sourceTree = "<group>"; };
		FD42862F1F132DDB0065166A /* Base */ = {isa = PBXFileReference; lastKnownFileType = file.storyboard; name = Base; path = Base.lproj/Main.storyboard; sourceTree = "<group>"; };
		FD4286311F132DDB0065166A /* Assets.xcassets */ = {isa = PBXFileReference; lastKnownFileType = folder.assetcatalog; path = Assets.xcassets; sourceTree = "<group>"; };
		FD4286341F132DDB0065166A /* Base */ = {isa = PBXFileReference; lastKnownFileType = file.storyboard; name = Base; path = Base.lproj/LaunchScreen.storyboard; sourceTree = "<group>"; };
		FD4286361F132DDB0065166A /* Info.plist */ = {isa = PBXFileReference; lastKnownFileType = text.plist.xml; path = Info.plist; sourceTree = "<group>"; };
		FD42863B1F132DDB0065166A /* HomepwnerTests.xctest */ = {isa = PBXFileReference; explicitFileType = wrapper.cfbundle; includeInIndex = 0; path = HomepwnerTests.xctest; sourceTree = BUILT_PRODUCTS_DIR; };
		FD42863F1F132DDB0065166A /* HomepwnerTests.swift */ = {isa = PBXFileReference; lastKnownFileType = sourcecode.swift; path = HomepwnerTests.swift; sourceTree = "<group>"; };
		FD4286411F132DDB0065166A /* Info.plist */ = {isa = PBXFileReference; lastKnownFileType = text.plist.xml; path = Info.plist; sourceTree = "<group>"; };
		FD4286461F132DDB0065166A /* HomepwnerUITests.xctest */ = {isa = PBXFileReference; explicitFileType = wrapper.cfbundle; includeInIndex = 0; path = HomepwnerUITests.xctest; sourceTree = BUILT_PRODUCTS_DIR; };
		FD42864A1F132DDB0065166A /* HomepwnerUITests.swift */ = {isa = PBXFileReference; lastKnownFileType = sourcecode.swift; path = HomepwnerUITests.swift; sourceTree = "<group>"; };
		FD42864C1F132DDB0065166A /* Info.plist */ = {isa = PBXFileReference; lastKnownFileType = text.plist.xml; path = Info.plist; sourceTree = "<group>"; };
		FD4286581F13CA940065166A /* ItemsViewController.swift */ = {isa = PBXFileReference; fileEncoding = 4; lastKnownFileType = sourcecode.swift; path = ItemsViewController.swift; sourceTree = "<group>"; };
		FD639D371F1804EA00B6D408 /* ItemCell.swift */ = {isa = PBXFileReference; fileEncoding = 4; lastKnownFileType = sourcecode.swift; path = ItemCell.swift; sourceTree = "<group>"; };
		FD639D391F186CF500B6D408 /* DetailViewController.swift */ = {isa = PBXFileReference; fileEncoding = 4; lastKnownFileType = sourcecode.swift; path = DetailViewController.swift; sourceTree = "<group>"; };
		FD639D3B1F1D932400B6D408 /* BorderTextField.swift */ = {isa = PBXFileReference; fileEncoding = 4; lastKnownFileType = sourcecode.swift; path = BorderTextField.swift; sourceTree = "<group>"; };
/* End PBXFileReference section */

/* Begin PBXFrameworksBuildPhase section */
		FD4286241F132DDB0065166A /* Frameworks */ = {
			isa = PBXFrameworksBuildPhase;
			buildActionMask = 2147483647;
			files = (
			);
			runOnlyForDeploymentPostprocessing = 0;
		};
		FD4286381F132DDB0065166A /* Frameworks */ = {
			isa = PBXFrameworksBuildPhase;
			buildActionMask = 2147483647;
			files = (
			);
			runOnlyForDeploymentPostprocessing = 0;
		};
		FD4286431F132DDB0065166A /* Frameworks */ = {
			isa = PBXFrameworksBuildPhase;
			buildActionMask = 2147483647;
			files = (
			);
			runOnlyForDeploymentPostprocessing = 0;
		};
/* End PBXFrameworksBuildPhase section */

/* Begin PBXGroup section */
		FD42861E1F132DDB0065166A = {
			isa = PBXGroup;
			children = (
				FD4286291F132DDB0065166A /* Homepwner */,
				FD42863E1F132DDB0065166A /* HomepwnerTests */,
				FD4286491F132DDB0065166A /* HomepwnerUITests */,
				FD4286281F132DDB0065166A /* Products */,
			);
			sourceTree = "<group>";
		};
		FD4286281F132DDB0065166A /* Products */ = {
			isa = PBXGroup;
			children = (
				FD4286271F132DDB0065166A /* Homepwner.app */,
				FD42863B1F132DDB0065166A /* HomepwnerTests.xctest */,
				FD4286461F132DDB0065166A /* HomepwnerUITests.xctest */,
			);
			name = Products;
			sourceTree = "<group>";
		};
		FD4286291F132DDB0065166A /* Homepwner */ = {
			isa = PBXGroup;
			children = (
				FD42862A1F132DDB0065166A /* AppDelegate.swift */,
				FD639D391F186CF500B6D408 /* DetailViewController.swift */,
				FD4286581F13CA940065166A /* ItemsViewController.swift */,
				FD42862E1F132DDB0065166A /* Main.storyboard */,
				FD08D1421F14536700CDD226 /* Item.swift */,
				FD08D1441F14578000CDD226 /* ItemStore.swift */,
				FD639D371F1804EA00B6D408 /* ItemCell.swift */,
				FD4286311F132DDB0065166A /* Assets.xcassets */,
				FD4286331F132DDB0065166A /* LaunchScreen.storyboard */,
				FD4286361F132DDB0065166A /* Info.plist */,
				FD639D3B1F1D932400B6D408 /* BorderTextField.swift */,
			);
			path = Homepwner;
			sourceTree = "<group>";
		};
		FD42863E1F132DDB0065166A /* HomepwnerTests */ = {
			isa = PBXGroup;
			children = (
				FD42863F1F132DDB0065166A /* HomepwnerTests.swift */,
				FD4286411F132DDB0065166A /* Info.plist */,
			);
			path = HomepwnerTests;
			sourceTree = "<group>";
		};
		FD4286491F132DDB0065166A /* HomepwnerUITests */ = {
			isa = PBXGroup;
			children = (
				FD42864A1F132DDB0065166A /* HomepwnerUITests.swift */,
				FD42864C1F132DDB0065166A /* Info.plist */,
			);
			path = HomepwnerUITests;
			sourceTree = "<group>";
		};
/* End PBXGroup section */

/* Begin PBXNativeTarget section */
		FD4286261F132DDB0065166A /* Homepwner */ = {
			isa = PBXNativeTarget;
			buildConfigurationList = FD42864F1F132DDB0065166A /* Build configuration list for PBXNativeTarget "Homepwner" */;
			buildPhases = (
				FD4286231F132DDB0065166A /* Sources */,
				FD4286241F132DDB0065166A /* Frameworks */,
				FD4286251F132DDB0065166A /* Resources */,
			);
			buildRules = (
			);
			dependencies = (
			);
			name = Homepwner;
			productName = Homepwner;
			productReference = FD4286271F132DDB0065166A /* Homepwner.app */;
			productType = "com.apple.product-type.application";
		};
		FD42863A1F132DDB0065166A /* HomepwnerTests */ = {
			isa = PBXNativeTarget;
			buildConfigurationList = FD4286521F132DDB0065166A /* Build configuration list for PBXNativeTarget "HomepwnerTests" */;
			buildPhases = (
				FD4286371F132DDB0065166A /* Sources */,
				FD4286381F132DDB0065166A /* Frameworks */,
				FD4286391F132DDB0065166A /* Resources */,
			);
			buildRules = (
			);
			dependencies = (
				FD42863D1F132DDB0065166A /* PBXTargetDependency */,
			);
			name = HomepwnerTests;
			productName = HomepwnerTests;
			productReference = FD42863B1F132DDB0065166A /* HomepwnerTests.xctest */;
			productType = "com.apple.product-type.bundle.unit-test";
		};
		FD4286451F132DDB0065166A /* HomepwnerUITests */ = {
			isa = PBXNativeTarget;
			buildConfigurationList = FD4286551F132DDB0065166A /* Build configuration list for PBXNativeTarget "HomepwnerUITests" */;
			buildPhases = (
				FD4286421F132DDB0065166A /* Sources */,
				FD4286431F132DDB0065166A /* Frameworks */,
				FD4286441F132DDB0065166A /* Resources */,
			);
			buildRules = (
			);
			dependencies = (
				FD4286481F132DDB0065166A /* PBXTargetDependency */,
			);
			name = HomepwnerUITests;
			productName = HomepwnerUITests;
			productReference = FD4286461F132DDB0065166A /* HomepwnerUITests.xctest */;
			productType = "com.apple.product-type.bundle.ui-testing";
		};
/* End PBXNativeTarget section */

/* Begin PBXProject section */
		FD42861F1F132DDB0065166A /* Project object */ = {
			isa = PBXProject;
			attributes = {
				LastSwiftUpdateCheck = 0830;
				LastUpgradeCheck = 0830;
				ORGANIZATIONNAME = amberfire;
				TargetAttributes = {
					FD4286261F132DDB0065166A = {
						CreatedOnToolsVersion = 8.3.3;
						ProvisioningStyle = Automatic;
					};
					FD42863A1F132DDB0065166A = {
						CreatedOnToolsVersion = 8.3.3;
						ProvisioningStyle = Automatic;
						TestTargetID = FD4286261F132DDB0065166A;
					};
					FD4286451F132DDB0065166A = {
						CreatedOnToolsVersion = 8.3.3;
						ProvisioningStyle = Automatic;
						TestTargetID = FD4286261F132DDB0065166A;
					};
				};
			};
			buildConfigurationList = FD4286221F132DDB0065166A /* Build configuration list for PBXProject "Homepwner" */;
			compatibilityVersion = "Xcode 3.2";
			developmentRegion = English;
			hasScannedForEncodings = 0;
			knownRegions = (
				en,
				Base,
			);
			mainGroup = FD42861E1F132DDB0065166A;
			productRefGroup = FD4286281F132DDB0065166A /* Products */;
			projectDirPath = "";
			projectRoot = "";
			targets = (
				FD4286261F132DDB0065166A /* Homepwner */,
				FD42863A1F132DDB0065166A /* HomepwnerTests */,
				FD4286451F132DDB0065166A /* HomepwnerUITests */,
			);
		};
/* End PBXProject section */

/* Begin PBXResourcesBuildPhase section */
		FD4286251F132DDB0065166A /* Resources */ = {
			isa = PBXResourcesBuildPhase;
			buildActionMask = 2147483647;
			files = (
				FD4286351F132DDB0065166A /* LaunchScreen.storyboard in Resources */,
				FD4286321F132DDB0065166A /* Assets.xcassets in Resources */,
				FD4286301F132DDB0065166A /* Main.storyboard in Resources */,
			);
			runOnlyForDeploymentPostprocessing = 0;
		};
		FD4286391F132DDB0065166A /* Resources */ = {
			isa = PBXResourcesBuildPhase;
			buildActionMask = 2147483647;
			files = (
			);
			runOnlyForDeploymentPostprocessing = 0;
		};
		FD4286441F132DDB0065166A /* Resources */ = {
			isa = PBXResourcesBuildPhase;
			buildActionMask = 2147483647;
			files = (
			);
			runOnlyForDeploymentPostprocessing = 0;
		};
/* End PBXResourcesBuildPhase section */

/* Begin PBXSourcesBuildPhase section */
		FD4286231F132DDB0065166A /* Sources */ = {
			isa = PBXSourcesBuildPhase;
			buildActionMask = 2147483647;
			files = (
				FD4286591F13CA940065166A /* ItemsViewController.swift in Sources */,
				FD08D1431F14536700CDD226 /* Item.swift in Sources */,
				FD639D3C1F1D932400B6D408 /* BorderTextField.swift in Sources */,
				FD08D1451F14578000CDD226 /* ItemStore.swift in Sources */,
				FD639D3A1F186CF500B6D408 /* DetailViewController.swift in Sources */,
				FD42862B1F132DDB0065166A /* AppDelegate.swift in Sources */,
				FD639D381F1804EA00B6D408 /* ItemCell.swift in Sources */,
			);
			runOnlyForDeploymentPostprocessing = 0;
		};
		FD4286371F132DDB0065166A /* Sources */ = {
			isa = PBXSourcesBuildPhase;
			buildActionMask = 2147483647;
			files = (
				FD4286401F132DDB0065166A /* HomepwnerTests.swift in Sources */,
			);
			runOnlyForDeploymentPostprocessing = 0;
		};
		FD4286421F132DDB0065166A /* Sources */ = {
			isa = PBXSourcesBuildPhase;
			buildActionMask = 2147483647;
			files = (
				FD42864B1F132DDB0065166A /* HomepwnerUITests.swift in Sources */,
			);
			runOnlyForDeploymentPostprocessing = 0;
		};
/* End PBXSourcesBuildPhase section */

/* Begin PBXTargetDependency section */
		FD42863D1F132DDB0065166A /* PBXTargetDependency */ = {
			isa = PBXTargetDependency;
			target = FD4286261F132DDB0065166A /* Homepwner */;
			targetProxy = FD42863C1F132DDB0065166A /* PBXContainerItemProxy */;
		};
		FD4286481F132DDB0065166A /* PBXTargetDependency */ = {
			isa = PBXTargetDependency;
			target = FD4286261F132DDB0065166A /* Homepwner */;
			targetProxy = FD4286471F132DDB0065166A /* PBXContainerItemProxy */;
		};
/* End PBXTargetDependency section */

/* Begin PBXVariantGroup section */
		FD42862E1F132DDB0065166A /* Main.storyboard */ = {
			isa = PBXVariantGroup;
			children = (
				FD42862F1F132DDB0065166A /* Base */,
			);
			name = Main.storyboard;
			sourceTree = "<group>";
		};
		FD4286331F132DDB0065166A /* LaunchScreen.storyboard */ = {
			isa = PBXVariantGroup;
			children = (
				FD4286341F132DDB0065166A /* Base */,
			);
			name = LaunchScreen.storyboard;
			sourceTree = "<group>";
		};
/* End PBXVariantGroup section */

/* Begin XCBuildConfiguration section */
		FD42864D1F132DDB0065166A /* Debug */ = {
			isa = XCBuildConfiguration;
			buildSettings = {
				ALWAYS_SEARCH_USER_PATHS = NO;
				CLANG_ANALYZER_NONNULL = YES;
				CLANG_ANALYZER_NUMBER_OBJECT_CONVERSION = YES_AGGRESSIVE;
				CLANG_CXX_LANGUAGE_STANDARD = "gnu++0x";
				CLANG_CXX_LIBRARY = "libc++";
				CLANG_ENABLE_MODULES = YES;
				CLANG_ENABLE_OBJC_ARC = YES;
				CLANG_WARN_BOOL_CONVERSION = YES;
				CLANG_WARN_CONSTANT_CONVERSION = YES;
				CLANG_WARN_DIRECT_OBJC_ISA_USAGE = YES_ERROR;
				CLANG_WARN_DOCUMENTATION_COMMENTS = YES;
				CLANG_WARN_EMPTY_BODY = YES;
				CLANG_WARN_ENUM_CONVERSION = YES;
				CLANG_WARN_INFINITE_RECURSION = YES;
				CLANG_WARN_INT_CONVERSION = YES;
				CLANG_WARN_OBJC_ROOT_CLASS = YES_ERROR;
				CLANG_WARN_SUSPICIOUS_MOVE = YES;
				CLANG_WARN_UNREACHABLE_CODE = YES;
				CLANG_WARN__DUPLICATE_METHOD_MATCH = YES;
				"CODE_SIGN_IDENTITY[sdk=iphoneos*]" = "iPhone Developer";
				COPY_PHASE_STRIP = NO;
				DEBUG_INFORMATION_FORMAT = dwarf;
				ENABLE_STRICT_OBJC_MSGSEND = YES;
				ENABLE_TESTABILITY = YES;
				GCC_C_LANGUAGE_STANDARD = gnu99;
				GCC_DYNAMIC_NO_PIC = NO;
				GCC_NO_COMMON_BLOCKS = YES;
				GCC_OPTIMIZATION_LEVEL = 0;
				GCC_PREPROCESSOR_DEFINITIONS = (
					"DEBUG=1",
					"$(inherited)",
				);
				GCC_WARN_64_TO_32_BIT_CONVERSION = YES;
				GCC_WARN_ABOUT_RETURN_TYPE = YES_ERROR;
				GCC_WARN_UNDECLARED_SELECTOR = YES;
				GCC_WARN_UNINITIALIZED_AUTOS = YES_AGGRESSIVE;
				GCC_WARN_UNUSED_FUNCTION = YES;
				GCC_WARN_UNUSED_VARIABLE = YES;
				IPHONEOS_DEPLOYMENT_TARGET = 10.3;
				MTL_ENABLE_DEBUG_INFO = YES;
				ONLY_ACTIVE_ARCH = YES;
				SDKROOT = iphoneos;
				SWIFT_ACTIVE_COMPILATION_CONDITIONS = DEBUG;
				SWIFT_OPTIMIZATION_LEVEL = "-Onone";
			};
			name = Debug;
		};
		FD42864E1F132DDB0065166A /* Release */ = {
			isa = XCBuildConfiguration;
			buildSettings = {
				ALWAYS_SEARCH_USER_PATHS = NO;
				CLANG_ANALYZER_NONNULL = YES;
				CLANG_ANALYZER_NUMBER_OBJECT_CONVERSION = YES_AGGRESSIVE;
				CLANG_CXX_LANGUAGE_STANDARD = "gnu++0x";
				CLANG_CXX_LIBRARY = "libc++";
				CLANG_ENABLE_MODULES = YES;
				CLANG_ENABLE_OBJC_ARC = YES;
				CLANG_WARN_BOOL_CONVERSION = YES;
				CLANG_WARN_CONSTANT_CONVERSION = YES;
				CLANG_WARN_DIRECT_OBJC_ISA_USAGE = YES_ERROR;
				CLANG_WARN_DOCUMENTATION_COMMENTS = YES;
				CLANG_WARN_EMPTY_BODY = YES;
				CLANG_WARN_ENUM_CONVERSION = YES;
				CLANG_WARN_INFINITE_RECURSION = YES;
				CLANG_WARN_INT_CONVERSION = YES;
				CLANG_WARN_OBJC_ROOT_CLASS = YES_ERROR;
				CLANG_WARN_SUSPICIOUS_MOVE = YES;
				CLANG_WARN_UNREACHABLE_CODE = YES;
				CLANG_WARN__DUPLICATE_METHOD_MATCH = YES;
				"CODE_SIGN_IDENTITY[sdk=iphoneos*]" = "iPhone Developer";
				COPY_PHASE_STRIP = NO;
				DEBUG_INFORMATION_FORMAT = "dwarf-with-dsym";
				ENABLE_NS_ASSERTIONS = NO;
				ENABLE_STRICT_OBJC_MSGSEND = YES;
				GCC_C_LANGUAGE_STANDARD = gnu99;
				GCC_NO_COMMON_BLOCKS = YES;
				GCC_WARN_64_TO_32_BIT_CONVERSION = YES;
				GCC_WARN_ABOUT_RETURN_TYPE = YES_ERROR;
				GCC_WARN_UNDECLARED_SELECTOR = YES;
				GCC_WARN_UNINITIALIZED_AUTOS = YES_AGGRESSIVE;
				GCC_WARN_UNUSED_FUNCTION = YES;
				GCC_WARN_UNUSED_VARIABLE = YES;
				IPHONEOS_DEPLOYMENT_TARGET = 10.3;
				MTL_ENABLE_DEBUG_INFO = NO;
				SDKROOT = iphoneos;
				SWIFT_OPTIMIZATION_LEVEL = "-Owholemodule";
				VALIDATE_PRODUCT = YES;
			};
			name = Release;
		};
		FD4286501F132DDB0065166A /* Debug */ = {
			isa = XCBuildConfiguration;
			buildSettings = {
				ASSETCATALOG_COMPILER_APPICON_NAME = AppIcon;
				INFOPLIST_FILE = Homepwner/Info.plist;
				LD_RUNPATH_SEARCH_PATHS = "$(inherited) @executable_path/Frameworks";
				PRODUCT_BUNDLE_IDENTIFIER = com.amberfire.Homepwner;
				PRODUCT_NAME = "$(TARGET_NAME)";
				SWIFT_VERSION = 3.0;
			};
			name = Debug;
		};
		FD4286511F132DDB0065166A /* Release */ = {
			isa = XCBuildConfiguration;
			buildSettings = {
				ASSETCATALOG_COMPILER_APPICON_NAME = AppIcon;
				INFOPLIST_FILE = Homepwner/Info.plist;
				LD_RUNPATH_SEARCH_PATHS = "$(inherited) @executable_path/Frameworks";
				PRODUCT_BUNDLE_IDENTIFIER = com.amberfire.Homepwner;
				PRODUCT_NAME = "$(TARGET_NAME)";
				SWIFT_VERSION = 3.0;
			};
			name = Release;
		};
		FD4286531F132DDB0065166A /* Debug */ = {
			isa = XCBuildConfiguration;
			buildSettings = {
				ALWAYS_EMBED_SWIFT_STANDARD_LIBRARIES = YES;
				BUNDLE_LOADER = "$(TEST_HOST)";
				INFOPLIST_FILE = HomepwnerTests/Info.plist;
				LD_RUNPATH_SEARCH_PATHS = "$(inherited) @executable_path/Frameworks @loader_path/Frameworks";
				PRODUCT_BUNDLE_IDENTIFIER = com.amberfire.HomepwnerTests;
				PRODUCT_NAME = "$(TARGET_NAME)";
				SWIFT_VERSION = 3.0;
				TEST_HOST = "$(BUILT_PRODUCTS_DIR)/Homepwner.app/Homepwner";
			};
			name = Debug;
		};
		FD4286541F132DDB0065166A /* Release */ = {
			isa = XCBuildConfiguration;
			buildSettings = {
				ALWAYS_EMBED_SWIFT_STANDARD_LIBRARIES = YES;
				BUNDLE_LOADER = "$(TEST_HOST)";
				INFOPLIST_FILE = HomepwnerTests/Info.plist;
				LD_RUNPATH_SEARCH_PATHS = "$(inherited) @executable_path/Frameworks @loader_path/Frameworks";
				PRODUCT_BUNDLE_IDENTIFIER = com.amberfire.HomepwnerTests;
				PRODUCT_NAME = "$(TARGET_NAME)";
				SWIFT_VERSION = 3.0;
				TEST_HOST = "$(BUILT_PRODUCTS_DIR)/Homepwner.app/Homepwner";
			};
			name = Release;
		};
		FD4286561F132DDB0065166A /* Debug */ = {
			isa = XCBuildConfiguration;
			buildSettings = {
				ALWAYS_EMBED_SWIFT_STANDARD_LIBRARIES = YES;
				INFOPLIST_FILE = HomepwnerUITests/Info.plist;
				LD_RUNPATH_SEARCH_PATHS = "$(inherited) @executable_path/Frameworks @loader_path/Frameworks";
				PRODUCT_BUNDLE_IDENTIFIER = com.amberfire.HomepwnerUITests;
				PRODUCT_NAME = "$(TARGET_NAME)";
				SWIFT_VERSION = 3.0;
				TEST_TARGET_NAME = Homepwner;
			};
			name = Debug;
		};
		FD4286571F132DDB0065166A /* Release */ = {
			isa = XCBuildConfiguration;
			buildSettings = {
				ALWAYS_EMBED_SWIFT_STANDARD_LIBRARIES = YES;
				INFOPLIST_FILE = HomepwnerUITests/Info.plist;
				LD_RUNPATH_SEARCH_PATHS = "$(inherited) @executable_path/Frameworks @loader_path/Frameworks";
				PRODUCT_BUNDLE_IDENTIFIER = com.amberfire.HomepwnerUITests;
				PRODUCT_NAME = "$(TARGET_NAME)";
				SWIFT_VERSION = 3.0;
				TEST_TARGET_NAME = Homepwner;
			};
			name = Release;
		};
/* End XCBuildConfiguration section */

/* Begin XCConfigurationList section */
		FD4286221F132DDB0065166A /* Build configuration list for PBXProject "Homepwner" */ = {
			isa = XCConfigurationList;
			buildConfigurations = (
				FD42864D1F132DDB0065166A /* Debug */,
				FD42864E1F132DDB0065166A /* Release */,
			);
			defaultConfigurationIsVisible = 0;
			defaultConfigurationName = Release;
		};
		FD42864F1F132DDB0065166A /* Build configuration list for PBXNativeTarget "Homepwner" */ = {
			isa = XCConfigurationList;
			buildConfigurations = (
				FD4286501F132DDB0065166A /* Debug */,
				FD4286511F132DDB0065166A /* Release */,
			);
			defaultConfigurationIsVisible = 0;
			defaultConfigurationName = Release;
		};
		FD4286521F132DDB0065166A /* Build configuration list for PBXNativeTarget "HomepwnerTests" */ = {
			isa = XCConfigurationList;
			buildConfigurations = (
				FD4286531F132DDB0065166A /* Debug */,
				FD4286541F132DDB0065166A /* Release */,
			);
			defaultConfigurationIsVisible = 0;
			defaultConfigurationName = Release;
		};
		FD4286551F132DDB0065166A /* Build configuration list for PBXNativeTarget "HomepwnerUITests" */ = {
			isa = XCConfigurationList;
			buildConfigurations = (
				FD4286561F132DDB0065166A /* Debug */,
				FD4286571F132DDB0065166A /* Release */,
			);
			defaultConfigurationIsVisible = 0;
			defaultConfigurationName = Release;
		};
/* End XCConfigurationList section */
	};
	rootObject = FD42861F1F132DDB0065166A /* Project object */;
}
